
Microsoft Visual Studio Solution File, Format Version 12.00
# Visual Studio Version 17
VisualStudioVersion = 17.0.31919.166
MinimumVisualStudioVersion = 10.0.40219.1
Project("{FAE04EC0-301F-11D3-BF4B-00C04F79EFBC}") = "Klase i Objekti", "Klase i Objekti.csproj", "{9B72FC8B-CCF4-4DD7-B0B9-2ADF36B06C94}"
EndProject
Global
	GlobalSection(SolutionConfigurationPlatforms) = preSolution
		Debug|Any CPU = Debug|Any CPU
		Release|Any CPU = Release|Any CPU
	EndGlobalSection
	GlobalSection(ProjectConfigurationPlatforms) = postSolution
		{9B72FC8B-CCF4-4DD7-B0B9-2ADF36B06C94}.Debug|Any CPU.ActiveCfg = Debug|Any CPU
		{9B72FC8B-CCF4-4DD7-B0B9-2ADF36B06C94}.Debug|Any CPU.Build.0 = Debug|Any CPU
		{9B72FC8B-CCF4-4DD7-B0B9-2ADF36B06C94}.Release|Any CPU.ActiveCfg = Release|Any CPU
		{9B72FC8B-CCF4-4DD7-B0B9-2ADF36B06C94}.Release|Any CPU.Build.0 = Release|Any CPU
	EndGlobalSection
	GlobalSection(SolutionProperties) = preSolution
		HideSolutionNode = FALSE
	EndGlobalSection
	GlobalSection(ExtensibilityGlobals) = postSolution
		SolutionGuid = {7900447F-513D-4749-BA30-C8269E3EC582}
	EndGlobalSection
EndGlobal
